// !$*UTF8*$!
{
	archiveVersion = 1;
	classes = {
	};
	objectVersion = 77;
	objects = {

/* Begin PBXBuildFile section */
		982CB4E62DB67664003C9D29 /* TieredGridLayout in Frameworks */ = {isa = PBXBuildFile; productRef = 982CB4E52DB67664003C9D29 /* TieredGridLayout */; };
/* End PBXBuildFile section */

/* Begin PBXContainerItemProxy section */
		982CB4B92DB6756F003C9D29 /* PBXContainerItemProxy */ = {
			isa = PBXContainerItemProxy;
			containerPortal = 982CB49E2DB6756D003C9D29 /* Project object */;
			proxyType = 1;
			remoteGlobalIDString = 982CB4A52DB6756D003C9D29;
			remoteInfo = CatBoard;
		};
		982CB4C32DB6756F003C9D29 /* PBXContainerItemProxy */ = {
			isa = PBXContainerItemProxy;
			containerPortal = 982CB49E2DB6756D003C9D29 /* Project object */;
			proxyType = 1;
			remoteGlobalIDString = 982CB4A52DB6756D003C9D29;
			remoteInfo = CatBoard;
		};
/* End PBXContainerItemProxy section */

/* Begin PBXFileReference section */
		982CB4A62DB6756D003C9D29 /* CatBoard.app */ = {isa = PBXFileReference; explicitFileType = wrapper.application; includeInIndex = 0; path = CatBoard.app; sourceTree = BUILT_PRODUCTS_DIR; };
		982CB4B82DB6756F003C9D29 /* CatBoardTests.xctest */ = {isa = PBXFileReference; explicitFileType = wrapper.cfbundle; includeInIndex = 0; path = CatBoardTests.xctest; sourceTree = BUILT_PRODUCTS_DIR; };
		982CB4C22DB6756F003C9D29 /* CatBoardUITests.xctest */ = {isa = PBXFileReference; explicitFileType = wrapper.cfbundle; includeInIndex = 0; path = CatBoardUITests.xctest; sourceTree = BUILT_PRODUCTS_DIR; };
/* End PBXFileReference section */

/* Begin PBXFileSystemSynchronizedRootGroup section */
		982CB4A82DB6756D003C9D29 /* CatBoard */ = {
			isa = PBXFileSystemSynchronizedRootGroup;
			path = CatBoard;
			sourceTree = "<group>";
		};
		982CB4BB2DB6756F003C9D29 /* CatBoardTests */ = {
			isa = PBXFileSystemSynchronizedRootGroup;
			path = CatBoardTests;
			sourceTree = "<group>";
		};
		982CB4C52DB6756F003C9D29 /* CatBoardUITests */ = {
			isa = PBXFileSystemSynchronizedRootGroup;
			path = CatBoardUITests;
			sourceTree = "<group>";
		};
/* End PBXFileSystemSynchronizedRootGroup section */

/* Begin PBXFrameworksBuildPhase section */
		982CB4A32DB6756D003C9D29 /* Frameworks */ = {
			isa = PBXFrameworksBuildPhase;
			buildActionMask = 2147483647;
			files = (
				982CB4E62DB67664003C9D29 /* TieredGridLayout in Frameworks */,
			);
			runOnlyForDeploymentPostprocessing = 0;
		};
		982CB4B52DB6756F003C9D29 /* Frameworks */ = {
			isa = PBXFrameworksBuildPhase;
			buildActionMask = 2147483647;
			files = (
			);
			runOnlyForDeploymentPostprocessing = 0;
		};
		982CB4BF2DB6756F003C9D29 /* Frameworks */ = {
			isa = PBXFrameworksBuildPhase;
			buildActionMask = 2147483647;
			files = (
			);
			runOnlyForDeploymentPostprocessing = 0;
		};
/* End PBXFrameworksBuildPhase section */

/* Begin PBXGroup section */
		982CB49D2DB6756D003C9D29 = {
			isa = PBXGroup;
			children = (
				982CB4A82DB6756D003C9D29 /* CatBoard */,
				982CB4BB2DB6756F003C9D29 /* CatBoardTests */,
				982CB4C52DB6756F003C9D29 /* CatBoardUITests */,
				982CB4A72DB6756D003C9D29 /* Products */,
			);
			sourceTree = "<group>";
		};
		982CB4A72DB6756D003C9D29 /* Products */ = {
			isa = PBXGroup;
			children = (
				982CB4A62DB6756D003C9D29 /* CatBoard.app */,
				982CB4B82DB6756F003C9D29 /* CatBoardTests.xctest */,
				982CB4C22DB6756F003C9D29 /* CatBoardUITests.xctest */,
			);
			name = Products;
			sourceTree = "<group>";
		};
/* End PBXGroup section */

/* Begin PBXNativeTarget section */
		982CB4A52DB6756D003C9D29 /* CatBoard */ = {
			isa = PBXNativeTarget;
			buildConfigurationList = 982CB4CC2DB6756F003C9D29 /* Build configuration list for PBXNativeTarget "CatBoard" */;
			buildPhases = (
				982CB4A22DB6756D003C9D29 /* Sources */,
				982CB4A32DB6756D003C9D29 /* Frameworks */,
				982CB4A42DB6756D003C9D29 /* Resources */,
			);
			buildRules = (
			);
			dependencies = (
			);
			fileSystemSynchronizedGroups = (
				982CB4A82DB6756D003C9D29 /* CatBoard */,
			);
			name = CatBoard;
			packageProductDependencies = (
				982CB4E52DB67664003C9D29 /* TieredGridLayout */,
			);
			productName = CatBoard;
			productReference = 982CB4A62DB6756D003C9D29 /* CatBoard.app */;
			productType = "com.apple.product-type.application";
		};
		982CB4B72DB6756F003C9D29 /* CatBoardTests */ = {
			isa = PBXNativeTarget;
			buildConfigurationList = 982CB4CF2DB6756F003C9D29 /* Build configuration list for PBXNativeTarget "CatBoardTests" */;
			buildPhases = (
				982CB4B42DB6756F003C9D29 /* Sources */,
				982CB4B52DB6756F003C9D29 /* Frameworks */,
				982CB4B62DB6756F003C9D29 /* Resources */,
			);
			buildRules = (
			);
			dependencies = (
				982CB4BA2DB6756F003C9D29 /* PBXTargetDependency */,
			);
			fileSystemSynchronizedGroups = (
				982CB4BB2DB6756F003C9D29 /* CatBoardTests */,
			);
			name = CatBoardTests;
			packageProductDependencies = (
			);
			productName = CatBoardTests;
			productReference = 982CB4B82DB6756F003C9D29 /* CatBoardTests.xctest */;
			productType = "com.apple.product-type.bundle.unit-test";
		};
		982CB4C12DB6756F003C9D29 /* CatBoardUITests */ = {
			isa = PBXNativeTarget;
			buildConfigurationList = 982CB4D22DB6756F003C9D29 /* Build configuration list for PBXNativeTarget "CatBoardUITests" */;
			buildPhases = (
				982CB4BE2DB6756F003C9D29 /* Sources */,
				982CB4BF2DB6756F003C9D29 /* Frameworks */,
				982CB4C02DB6756F003C9D29 /* Resources */,
			);
			buildRules = (
			);
			dependencies = (
				982CB4C42DB6756F003C9D29 /* PBXTargetDependency */,
			);
			fileSystemSynchronizedGroups = (
				982CB4C52DB6756F003C9D29 /* CatBoardUITests */,
			);
			name = CatBoardUITests;
			packageProductDependencies = (
			);
			productName = CatBoardUITests;
			productReference = 982CB4C22DB6756F003C9D29 /* CatBoardUITests.xctest */;
			productType = "com.apple.product-type.bundle.ui-testing";
		};
/* End PBXNativeTarget section */

/* Begin PBXProject section */
		982CB49E2DB6756D003C9D29 /* Project object */ = {
			isa = PBXProject;
			attributes = {
				BuildIndependentTargetsInParallel = 1;
				LastSwiftUpdateCheck = 1620;
				LastUpgradeCheck = 1620;
				TargetAttributes = {
					982CB4A52DB6756D003C9D29 = {
						CreatedOnToolsVersion = 16.2;
					};
					982CB4B72DB6756F003C9D29 = {
						CreatedOnToolsVersion = 16.2;
						TestTargetID = 982CB4A52DB6756D003C9D29;
					};
					982CB4C12DB6756F003C9D29 = {
						CreatedOnToolsVersion = 16.2;
						TestTargetID = 982CB4A52DB6756D003C9D29;
					};
				};
			};
			buildConfigurationList = 982CB4A12DB6756D003C9D29 /* Build configuration list for PBXProject "CatBoard" */;
			developmentRegion = en;
			hasScannedForEncodings = 0;
			knownRegions = (
				en,
				Base,
			);
			mainGroup = 982CB49D2DB6756D003C9D29;
			minimizedProjectReferenceProxies = 1;
			packageReferences = (
				982CB4E42DB67664003C9D29 /* XCRemoteSwiftPackageReference "tiered-grid-layout" */,
			);
			preferredProjectObjectVersion = 77;
			productRefGroup = 982CB4A72DB6756D003C9D29 /* Products */;
			projectDirPath = "";
			projectRoot = "";
			targets = (
				982CB4A52DB6756D003C9D29 /* CatBoard */,
				982CB4B72DB6756F003C9D29 /* CatBoardTests */,
				982CB4C12DB6756F003C9D29 /* CatBoardUITests */,
			);
		};
/* End PBXProject section */

/* Begin PBXResourcesBuildPhase section */
		982CB4A42DB6756D003C9D29 /* Resources */ = {
			isa = PBXResourcesBuildPhase;
			buildActionMask = 2147483647;
			files = (
			);
			runOnlyForDeploymentPostprocessing = 0;
		};
		982CB4B62DB6756F003C9D29 /* Resources */ = {
			isa = PBXResourcesBuildPhase;
			buildActionMask = 2147483647;
			files = (
			);
			runOnlyForDeploymentPostprocessing = 0;
		};
		982CB4C02DB6756F003C9D29 /* Resources */ = {
			isa = PBXResourcesBuildPhase;
			buildActionMask = 2147483647;
			files = (
			);
			runOnlyForDeploymentPostprocessing = 0;
		};
/* End PBXResourcesBuildPhase section */

/* Begin PBXSourcesBuildPhase section */
		982CB4A22DB6756D003C9D29 /* Sources */ = {
			isa = PBXSourcesBuildPhase;
			buildActionMask = 2147483647;
			files = (
			);
			runOnlyForDeploymentPostprocessing = 0;
		};
		982CB4B42DB6756F003C9D29 /* Sources */ = {
			isa = PBXSourcesBuildPhase;
			buildActionMask = 2147483647;
			files = (
			);
			runOnlyForDeploymentPostprocessing = 0;
		};
		982CB4BE2DB6756F003C9D29 /* Sources */ = {
			isa = PBXSourcesBuildPhase;
			buildActionMask = 2147483647;
			files = (
			);
			runOnlyForDeploymentPostprocessing = 0;
		};
/* End PBXSourcesBuildPhase section */

/* Begin PBXTargetDependency section */
		982CB4BA2DB6756F003C9D29 /* PBXTargetDependency */ = {
			isa = PBXTargetDependency;
			target = 982CB4A52DB6756D003C9D29 /* CatBoard */;
			targetProxy = 982CB4B92DB6756F003C9D29 /* PBXContainerItemProxy */;
		};
		982CB4C42DB6756F003C9D29 /* PBXTargetDependency */ = {
			isa = PBXTargetDependency;
			target = 982CB4A52DB6756D003C9D29 /* CatBoard */;
			targetProxy = 982CB4C32DB6756F003C9D29 /* PBXContainerItemProxy */;
		};
/* End PBXTargetDependency section */

/* Begin XCBuildConfiguration section */
		982CB4CA2DB6756F003C9D29 /* Debug */ = {
			isa = XCBuildConfiguration;
			buildSettings = {
				ALWAYS_SEARCH_USER_PATHS = NO;
				ASSETCATALOG_COMPILER_GENERATE_SWIFT_ASSET_SYMBOL_EXTENSIONS = YES;
				CLANG_ANALYZER_NONNULL = YES;
				CLANG_ANALYZER_NUMBER_OBJECT_CONVERSION = YES_AGGRESSIVE;
				CLANG_CXX_LANGUAGE_STANDARD = "gnu++20";
				CLANG_ENABLE_MODULES = YES;
				CLANG_ENABLE_OBJC_ARC = YES;
				CLANG_ENABLE_OBJC_WEAK = YES;
				CLANG_WARN_BLOCK_CAPTURE_AUTORELEASING = YES;
				CLANG_WARN_BOOL_CONVERSION = YES;
				CLANG_WARN_COMMA = YES;
				CLANG_WARN_CONSTANT_CONVERSION = YES;
				CLANG_WARN_DEPRECATED_OBJC_IMPLEMENTATIONS = YES;
				CLANG_WARN_DIRECT_OBJC_ISA_USAGE = YES_ERROR;
				CLANG_WARN_DOCUMENTATION_COMMENTS = YES;
				CLANG_WARN_EMPTY_BODY = YES;
				CLANG_WARN_ENUM_CONVERSION = YES;
				CLANG_WARN_INFINITE_RECURSION = YES;
				CLANG_WARN_INT_CONVERSION = YES;
				CLANG_WARN_NON_LITERAL_NULL_CONVERSION = YES;
				CLANG_WARN_OBJC_IMPLICIT_RETAIN_SELF = YES;
				CLANG_WARN_OBJC_LITERAL_CONVERSION = YES;
				CLANG_WARN_OBJC_ROOT_CLASS = YES_ERROR;
				CLANG_WARN_QUOTED_INCLUDE_IN_FRAMEWORK_HEADER = YES;
				CLANG_WARN_RANGE_LOOP_ANALYSIS = YES;
				CLANG_WARN_STRICT_PROTOTYPES = YES;
				CLANG_WARN_SUSPICIOUS_MOVE = YES;
				CLANG_WARN_UNGUARDED_AVAILABILITY = YES_AGGRESSIVE;
				CLANG_WARN_UNREACHABLE_CODE = YES;
				CLANG_WARN__DUPLICATE_METHOD_MATCH = YES;
				COPY_PHASE_STRIP = NO;
				DEBUG_INFORMATION_FORMAT = dwarf;
				ENABLE_STRICT_OBJC_MSGSEND = YES;
				ENABLE_TESTABILITY = YES;
				ENABLE_USER_SCRIPT_SANDBOXING = YES;
				GCC_C_LANGUAGE_STANDARD = gnu17;
				GCC_DYNAMIC_NO_PIC = NO;
				GCC_NO_COMMON_BLOCKS = YES;
				GCC_OPTIMIZATION_LEVEL = 0;
				GCC_PREPROCESSOR_DEFINITIONS = (
					"DEBUG=1",
					"$(inherited)",
				);
				GCC_WARN_64_TO_32_BIT_CONVERSION = YES;
				GCC_WARN_ABOUT_RETURN_TYPE = YES_ERROR;
				GCC_WARN_UNDECLARED_SELECTOR = YES;
				GCC_WARN_UNINITIALIZED_AUTOS = YES_AGGRESSIVE;
				GCC_WARN_UNUSED_FUNCTION = YES;
				GCC_WARN_UNUSED_VARIABLE = YES;
				IPHONEOS_DEPLOYMENT_TARGET = 18.2;
				LOCALIZATION_PREFERS_STRING_CATALOGS = YES;
				MTL_ENABLE_DEBUG_INFO = INCLUDE_SOURCE;
				MTL_FAST_MATH = YES;
				ONLY_ACTIVE_ARCH = YES;
				SDKROOT = iphoneos;
				SWIFT_ACTIVE_COMPILATION_CONDITIONS = "DEBUG $(inherited)";
				SWIFT_OPTIMIZATION_LEVEL = "-Onone";
			};
			name = Debug;
		};
		982CB4CB2DB6756F003C9D29 /* Release */ = {
			isa = XCBuildConfiguration;
			buildSettings = {
				ALWAYS_SEARCH_USER_PATHS = NO;
				ASSETCATALOG_COMPILER_GENERATE_SWIFT_ASSET_SYMBOL_EXTENSIONS = YES;
				CLANG_ANALYZER_NONNULL = YES;
				CLANG_ANALYZER_NUMBER_OBJECT_CONVERSION = YES_AGGRESSIVE;
				CLANG_CXX_LANGUAGE_STANDARD = "gnu++20";
				CLANG_ENABLE_MODULES = YES;
				CLANG_ENABLE_OBJC_ARC = YES;
				CLANG_ENABLE_OBJC_WEAK = YES;
				CLANG_WARN_BLOCK_CAPTURE_AUTORELEASING = YES;
				CLANG_WARN_BOOL_CONVERSION = YES;
				CLANG_WARN_COMMA = YES;
				CLANG_WARN_CONSTANT_CONVERSION = YES;
				CLANG_WARN_DEPRECATED_OBJC_IMPLEMENTATIONS = YES;
				CLANG_WARN_DIRECT_OBJC_ISA_USAGE = YES_ERROR;
				CLANG_WARN_DOCUMENTATION_COMMENTS = YES;
				CLANG_WARN_EMPTY_BODY = YES;
				CLANG_WARN_ENUM_CONVERSION = YES;
				CLANG_WARN_INFINITE_RECURSION = YES;
				CLANG_WARN_INT_CONVERSION = YES;
				CLANG_WARN_NON_LITERAL_NULL_CONVERSION = YES;
				CLANG_WARN_OBJC_IMPLICIT_RETAIN_SELF = YES;
				CLANG_WARN_OBJC_LITERAL_CONVERSION = YES;
				CLANG_WARN_OBJC_ROOT_CLASS = YES_ERROR;
				CLANG_WARN_QUOTED_INCLUDE_IN_FRAMEWORK_HEADER = YES;
				CLANG_WARN_RANGE_LOOP_ANALYSIS = YES;
				CLANG_WARN_STRICT_PROTOTYPES = YES;
				CLANG_WARN_SUSPICIOUS_MOVE = YES;
				CLANG_WARN_UNGUARDED_AVAILABILITY = YES_AGGRESSIVE;
				CLANG_WARN_UNREACHABLE_CODE = YES;
				CLANG_WARN__DUPLICATE_METHOD_MATCH = YES;
				COPY_PHASE_STRIP = NO;
				DEBUG_INFORMATION_FORMAT = "dwarf-with-dsym";
				ENABLE_NS_ASSERTIONS = NO;
				ENABLE_STRICT_OBJC_MSGSEND = YES;
				ENABLE_USER_SCRIPT_SANDBOXING = YES;
				GCC_C_LANGUAGE_STANDARD = gnu17;
				GCC_NO_COMMON_BLOCKS = YES;
				GCC_WARN_64_TO_32_BIT_CONVERSION = YES;
				GCC_WARN_ABOUT_RETURN_TYPE = YES_ERROR;
				GCC_WARN_UNDECLARED_SELECTOR = YES;
				GCC_WARN_UNINITIALIZED_AUTOS = YES_AGGRESSIVE;
				GCC_WARN_UNUSED_FUNCTION = YES;
				GCC_WARN_UNUSED_VARIABLE = YES;
				IPHONEOS_DEPLOYMENT_TARGET = 18.2;
				LOCALIZATION_PREFERS_STRING_CATALOGS = YES;
				MTL_ENABLE_DEBUG_INFO = NO;
				MTL_FAST_MATH = YES;
				SDKROOT = iphoneos;
				SWIFT_COMPILATION_MODE = wholemodule;
				VALIDATE_PRODUCT = YES;
			};
			name = Release;
		};
		982CB4CD2DB6756F003C9D29 /* Debug */ = {
			isa = XCBuildConfiguration;
			buildSettings = {
				ASSETCATALOG_COMPILER_APPICON_NAME = AppIcon;
				ASSETCATALOG_COMPILER_GLOBAL_ACCENT_COLOR_NAME = AccentColor;
				CODE_SIGN_STYLE = Automatic;
				CURRENT_PROJECT_VERSION = 1;
				DEVELOPMENT_ASSET_PATHS = "\"CatBoard/Preview Content\"";
				DEVELOPMENT_TEAM = 2A7R4ZP8WU;
				ENABLE_PREVIEWS = YES;
				GENERATE_INFOPLIST_FILE = YES;
				INFOPLIST_KEY_CFBundleDisplayName = "Cat Board";
				INFOPLIST_KEY_LSApplicationCategoryType = "public.app-category.photography";
				INFOPLIST_KEY_UIApplicationSceneManifest_Generation = YES;
				INFOPLIST_KEY_UIApplicationSupportsIndirectInputEvents = YES;
				INFOPLIST_KEY_UILaunchScreen_Generation = YES;
				INFOPLIST_KEY_UISupportedInterfaceOrientations_iPad = "UIInterfaceOrientationPortrait UIInterfaceOrientationPortraitUpsideDown UIInterfaceOrientationLandscapeLeft UIInterfaceOrientationLandscapeRight";
				INFOPLIST_KEY_UISupportedInterfaceOrientations_iPhone = "UIInterfaceOrientationPortrait UIInterfaceOrientationLandscapeLeft UIInterfaceOrientationLandscapeRight";
				LD_RUNPATH_SEARCH_PATHS = (
					"$(inherited)",
					"@executable_path/Frameworks",
				);
				MARKETING_VERSION = 1.0;
				PRODUCT_BUNDLE_IDENTIFIER = com.akitorahayashi.CatBoard;
				PRODUCT_NAME = "$(TARGET_NAME)";
				SWIFT_EMIT_LOC_STRINGS = YES;
				SWIFT_VERSION = 5.0;
				TARGETED_DEVICE_FAMILY = "1,2";
			};
			name = Debug;
		};
		982CB4CE2DB6756F003C9D29 /* Release */ = {
			isa = XCBuildConfiguration;
			buildSettings = {
				ASSETCATALOG_COMPILER_APPICON_NAME = AppIcon;
				ASSETCATALOG_COMPILER_GLOBAL_ACCENT_COLOR_NAME = AccentColor;
				CODE_SIGN_STYLE = Automatic;
				CURRENT_PROJECT_VERSION = 1;
				DEVELOPMENT_ASSET_PATHS = "\"CatBoard/Preview Content\"";
				DEVELOPMENT_TEAM = 2A7R4ZP8WU;
				ENABLE_PREVIEWS = YES;
				GENERATE_INFOPLIST_FILE = YES;
				INFOPLIST_KEY_CFBundleDisplayName = "Cat Board";
				INFOPLIST_KEY_LSApplicationCategoryType = "public.app-category.photography";
				INFOPLIST_KEY_UIApplicationSceneManifest_Generation = YES;
				INFOPLIST_KEY_UIApplicationSupportsIndirectInputEvents = YES;
				INFOPLIST_KEY_UILaunchScreen_Generation = YES;
				INFOPLIST_KEY_UISupportedInterfaceOrientations_iPad = "UIInterfaceOrientationPortrait UIInterfaceOrientationPortraitUpsideDown UIInterfaceOrientationLandscapeLeft UIInterfaceOrientationLandscapeRight";
				INFOPLIST_KEY_UISupportedInterfaceOrientations_iPhone = "UIInterfaceOrientationPortrait UIInterfaceOrientationLandscapeLeft UIInterfaceOrientationLandscapeRight";
				LD_RUNPATH_SEARCH_PATHS = (
					"$(inherited)",
					"@executable_path/Frameworks",
				);
				MARKETING_VERSION = 1.0;
				PRODUCT_BUNDLE_IDENTIFIER = com.akitorahayashi.CatBoard;
				PRODUCT_NAME = "$(TARGET_NAME)";
				SWIFT_EMIT_LOC_STRINGS = YES;
				SWIFT_VERSION = 5.0;
				TARGETED_DEVICE_FAMILY = "1,2";
			};
			name = Release;
		};
		982CB4D02DB6756F003C9D29 /* Debug */ = {
			isa = XCBuildConfiguration;
			buildSettings = {
				BUNDLE_LOADER = "$(TEST_HOST)";
				CODE_SIGN_STYLE = Automatic;
				CURRENT_PROJECT_VERSION = 1;
				DEVELOPMENT_TEAM = 2A7R4ZP8WU;
				GENERATE_INFOPLIST_FILE = YES;
				IPHONEOS_DEPLOYMENT_TARGET = 18.2;
				MARKETING_VERSION = 1.0;
				PRODUCT_BUNDLE_IDENTIFIER = com.akitorahayashi.CatBoardTests;
				PRODUCT_NAME = "$(TARGET_NAME)";
				SWIFT_EMIT_LOC_STRINGS = NO;
				SWIFT_VERSION = 5.0;
				TARGETED_DEVICE_FAMILY = "1,2";
				TEST_HOST = "$(BUILT_PRODUCTS_DIR)/CatBoard.app/$(BUNDLE_EXECUTABLE_FOLDER_PATH)/CatBoard";
			};
			name = Debug;
		};
		982CB4D12DB6756F003C9D29 /* Release */ = {
			isa = XCBuildConfiguration;
			buildSettings = {
				BUNDLE_LOADER = "$(TEST_HOST)";
				CODE_SIGN_STYLE = Automatic;
				CURRENT_PROJECT_VERSION = 1;
				DEVELOPMENT_TEAM = 2A7R4ZP8WU;
				GENERATE_INFOPLIST_FILE = YES;
				IPHONEOS_DEPLOYMENT_TARGET = 18.2;
				MARKETING_VERSION = 1.0;
				PRODUCT_BUNDLE_IDENTIFIER = com.akitorahayashi.CatBoardTests;
				PRODUCT_NAME = "$(TARGET_NAME)";
				SWIFT_EMIT_LOC_STRINGS = NO;
				SWIFT_VERSION = 5.0;
				TARGETED_DEVICE_FAMILY = "1,2";
				TEST_HOST = "$(BUILT_PRODUCTS_DIR)/CatBoard.app/$(BUNDLE_EXECUTABLE_FOLDER_PATH)/CatBoard";
			};
			name = Release;
		};
		982CB4D32DB6756F003C9D29 /* Debug */ = {
			isa = XCBuildConfiguration;
			buildSettings = {
				CODE_SIGN_STYLE = Automatic;
				CURRENT_PROJECT_VERSION = 1;
				DEVELOPMENT_TEAM = 2A7R4ZP8WU;
				GENERATE_INFOPLIST_FILE = YES;
				MARKETING_VERSION = 1.0;
				PRODUCT_BUNDLE_IDENTIFIER = com.akitorahayashi.CatBoardUITests;
				PRODUCT_NAME = "$(TARGET_NAME)";
				SWIFT_EMIT_LOC_STRINGS = NO;
				SWIFT_VERSION = 5.0;
				TARGETED_DEVICE_FAMILY = "1,2";
				TEST_TARGET_NAME = CatBoard;
			};
			name = Debug;
		};
		982CB4D42DB6756F003C9D29 /* Release */ = {
			isa = XCBuildConfiguration;
			buildSettings = {
				CODE_SIGN_STYLE = Automatic;
				CURRENT_PROJECT_VERSION = 1;
				DEVELOPMENT_TEAM = 2A7R4ZP8WU;
				GENERATE_INFOPLIST_FILE = YES;
				MARKETING_VERSION = 1.0;
				PRODUCT_BUNDLE_IDENTIFIER = com.akitorahayashi.CatBoardUITests;
				PRODUCT_NAME = "$(TARGET_NAME)";
				SWIFT_EMIT_LOC_STRINGS = NO;
				SWIFT_VERSION = 5.0;
				TARGETED_DEVICE_FAMILY = "1,2";
				TEST_TARGET_NAME = CatBoard;
			};
			name = Release;
		};
/* End XCBuildConfiguration section */

/* Begin XCConfigurationList section */
		982CB4A12DB6756D003C9D29 /* Build configuration list for PBXProject "CatBoard" */ = {
			isa = XCConfigurationList;
			buildConfigurations = (
				982CB4CA2DB6756F003C9D29 /* Debug */,
				982CB4CB2DB6756F003C9D29 /* Release */,
			);
			defaultConfigurationIsVisible = 0;
			defaultConfigurationName = Release;
		};
		982CB4CC2DB6756F003C9D29 /* Build configuration list for PBXNativeTarget "CatBoard" */ = {
			isa = XCConfigurationList;
			buildConfigurations = (
				982CB4CD2DB6756F003C9D29 /* Debug */,
				982CB4CE2DB6756F003C9D29 /* Release */,
			);
			defaultConfigurationIsVisible = 0;
			defaultConfigurationName = Release;
		};
		982CB4CF2DB6756F003C9D29 /* Build configuration list for PBXNativeTarget "CatBoardTests" */ = {
			isa = XCConfigurationList;
			buildConfigurations = (
				982CB4D02DB6756F003C9D29 /* Debug */,
				982CB4D12DB6756F003C9D29 /* Release */,
			);
			defaultConfigurationIsVisible = 0;
			defaultConfigurationName = Release;
		};
		982CB4D22DB6756F003C9D29 /* Build configuration list for PBXNativeTarget "CatBoardUITests" */ = {
			isa = XCConfigurationList;
			buildConfigurations = (
				982CB4D32DB6756F003C9D29 /* Debug */,
				982CB4D42DB6756F003C9D29 /* Release */,
			);
			defaultConfigurationIsVisible = 0;
			defaultConfigurationName = Release;
		};
/* End XCConfigurationList section */

/* Begin XCRemoteSwiftPackageReference section */
		982CB4E42DB67664003C9D29 /* XCRemoteSwiftPackageReference "tiered-grid-layout" */ = {
			isa = XCRemoteSwiftPackageReference;
			repositoryURL = "https://github.com/akitorahayashi/tiered-grid-layout";
			requirement = {
				branch = main;
				kind = branch;
			};
		};
/* End XCRemoteSwiftPackageReference section */

/* Begin XCSwiftPackageProductDependency section */
		982CB4E52DB67664003C9D29 /* TieredGridLayout */ = {
			isa = XCSwiftPackageProductDependency;
			package = 982CB4E42DB67664003C9D29 /* XCRemoteSwiftPackageReference "tiered-grid-layout" */;
			productName = TieredGridLayout;
		};
/* End XCSwiftPackageProductDependency section */
	};
	rootObject = 982CB49E2DB6756D003C9D29 /* Project object */;
}
